
Microsoft Visual Studio Solution File, Format Version 12.00
# Visual Studio Version 17
VisualStudioVersion = 17.5.33424.131
MinimumVisualStudioVersion = 10.0.40219.1
Project("{2150E333-8FDC-42A3-9474-1A3956D46DE8}") = "solution items", "solution items", "{6ED966BB-F367-4C90-BCD3-CD733F55F4CD}"
	ProjectSection(SolutionItems) = preProject
		opvolging.md = opvolging.md
		default.txt = default.txt
		README.md = README.md
	EndProjectSection
EndProject
Project("{9A19103F-16F7-4668-BE54-9A1E7A4F7556}") = "WPF_maze_generator", "WPF_maze_generator\WPF_maze_generator.csproj", "{B963EF3F-3D3A-4329-B5CF-18D074192456}"
EndProject
Project("{9A19103F-16F7-4668-BE54-9A1E7A4F7556}") = "WPF_physics_simulator", "WPF_physics_simulator\WPF_physics_simulator.csproj", "{05BD156F-8FF0-40DC-B560-37BDC9B992F6}"
EndProject
Project("{9A19103F-16F7-4668-BE54-9A1E7A4F7556}") = "Globals", "Globals\Globals.csproj", "{3E979AC7-9DE8-48DB-90AD-DE6DF79736D3}"
EndProject
Project("{9A19103F-16F7-4668-BE54-9A1E7A4F7556}") = "ExtensionMethods", "ExtensionMethods\ExtensionMethods.csproj", "{C65B0106-24FD-422C-AE45-49EE46FA0D0E}"
EndProject
Project("{9A19103F-16F7-4668-BE54-9A1E7A4F7556}") = "UtilityFunctions", "UtilityFunctions\UtilityFunctions.csproj", "{37334845-6040-45D0-854C-404C68A849B3}"
EndProject
Project("{9A19103F-16F7-4668-BE54-9A1E7A4F7556}") = "Console_Test_Environment", "Console_Test_Environment\Console_Test_Environment.csproj", "{44030A2A-099D-4128-843A-6370D9F8C872}"
EndProject
Project("{FAE04EC0-301F-11D3-BF4B-00C04F79EFBC}") = "Components", "Components\Components.csproj", "{06528BE8-4A34-468D-B0CD-773020AF1883}"
EndProject
Project("{FAE04EC0-301F-11D3-BF4B-00C04F79EFBC}") = "Generators", "Generators\Generators.csproj", "{A2358CD7-EDC0-4B47-9AC2-390B34C3BDA1}"
EndProject
Project("{FAE04EC0-301F-11D3-BF4B-00C04F79EFBC}") = "Datalaag", "Datalaag\Datalaag.csproj", "{D96CE3EA-E397-43E1-A484-884D4CF2C9A2}"
EndProject
Global
	GlobalSection(SolutionConfigurationPlatforms) = preSolution
		Debug|Any CPU = Debug|Any CPU
		Release|Any CPU = Release|Any CPU
	EndGlobalSection
	GlobalSection(ProjectConfigurationPlatforms) = postSolution
		{B963EF3F-3D3A-4329-B5CF-18D074192456}.Debug|Any CPU.ActiveCfg = Debug|Any CPU
		{B963EF3F-3D3A-4329-B5CF-18D074192456}.Debug|Any CPU.Build.0 = Debug|Any CPU
		{B963EF3F-3D3A-4329-B5CF-18D074192456}.Release|Any CPU.ActiveCfg = Release|Any CPU
		{B963EF3F-3D3A-4329-B5CF-18D074192456}.Release|Any CPU.Build.0 = Release|Any CPU
		{05BD156F-8FF0-40DC-B560-37BDC9B992F6}.Debug|Any CPU.ActiveCfg = Debug|Any CPU
		{05BD156F-8FF0-40DC-B560-37BDC9B992F6}.Debug|Any CPU.Build.0 = Debug|Any CPU
		{05BD156F-8FF0-40DC-B560-37BDC9B992F6}.Release|Any CPU.ActiveCfg = Release|Any CPU
		{05BD156F-8FF0-40DC-B560-37BDC9B992F6}.Release|Any CPU.Build.0 = Release|Any CPU
		{3E979AC7-9DE8-48DB-90AD-DE6DF79736D3}.Debug|Any CPU.ActiveCfg = Debug|Any CPU
		{3E979AC7-9DE8-48DB-90AD-DE6DF79736D3}.Debug|Any CPU.Build.0 = Debug|Any CPU
		{3E979AC7-9DE8-48DB-90AD-DE6DF79736D3}.Release|Any CPU.ActiveCfg = Release|Any CPU
		{3E979AC7-9DE8-48DB-90AD-DE6DF79736D3}.Release|Any CPU.Build.0 = Release|Any CPU
		{C65B0106-24FD-422C-AE45-49EE46FA0D0E}.Debug|Any CPU.ActiveCfg = Debug|Any CPU
		{C65B0106-24FD-422C-AE45-49EE46FA0D0E}.Debug|Any CPU.Build.0 = Debug|Any CPU
		{C65B0106-24FD-422C-AE45-49EE46FA0D0E}.Release|Any CPU.ActiveCfg = Release|Any CPU
		{C65B0106-24FD-422C-AE45-49EE46FA0D0E}.Release|Any CPU.Build.0 = Release|Any CPU
		{37334845-6040-45D0-854C-404C68A849B3}.Debug|Any CPU.ActiveCfg = Debug|Any CPU
		{37334845-6040-45D0-854C-404C68A849B3}.Debug|Any CPU.Build.0 = Debug|Any CPU
		{37334845-6040-45D0-854C-404C68A849B3}.Release|Any CPU.ActiveCfg = Release|Any CPU
		{37334845-6040-45D0-854C-404C68A849B3}.Release|Any CPU.Build.0 = Release|Any CPU
		{44030A2A-099D-4128-843A-6370D9F8C872}.Debug|Any CPU.ActiveCfg = Debug|Any CPU
		{44030A2A-099D-4128-843A-6370D9F8C872}.Debug|Any CPU.Build.0 = Debug|Any CPU
		{44030A2A-099D-4128-843A-6370D9F8C872}.Release|Any CPU.ActiveCfg = Release|Any CPU
		{44030A2A-099D-4128-843A-6370D9F8C872}.Release|Any CPU.Build.0 = Release|Any CPU
		{06528BE8-4A34-468D-B0CD-773020AF1883}.Debug|Any CPU.ActiveCfg = Debug|Any CPU
		{06528BE8-4A34-468D-B0CD-773020AF1883}.Debug|Any CPU.Build.0 = Debug|Any CPU
		{06528BE8-4A34-468D-B0CD-773020AF1883}.Release|Any CPU.ActiveCfg = Release|Any CPU
		{06528BE8-4A34-468D-B0CD-773020AF1883}.Release|Any CPU.Build.0 = Release|Any CPU
		{A2358CD7-EDC0-4B47-9AC2-390B34C3BDA1}.Debug|Any CPU.ActiveCfg = Debug|Any CPU
		{A2358CD7-EDC0-4B47-9AC2-390B34C3BDA1}.Debug|Any CPU.Build.0 = Debug|Any CPU
		{A2358CD7-EDC0-4B47-9AC2-390B34C3BDA1}.Release|Any CPU.ActiveCfg = Release|Any CPU
		{A2358CD7-EDC0-4B47-9AC2-390B34C3BDA1}.Release|Any CPU.Build.0 = Release|Any CPU
		{D96CE3EA-E397-43E1-A484-884D4CF2C9A2}.Debug|Any CPU.ActiveCfg = Debug|Any CPU
		{D96CE3EA-E397-43E1-A484-884D4CF2C9A2}.Debug|Any CPU.Build.0 = Debug|Any CPU
		{D96CE3EA-E397-43E1-A484-884D4CF2C9A2}.Release|Any CPU.ActiveCfg = Release|Any CPU
		{D96CE3EA-E397-43E1-A484-884D4CF2C9A2}.Release|Any CPU.Build.0 = Release|Any CPU
	EndGlobalSection
	GlobalSection(SolutionProperties) = preSolution
		HideSolutionNode = FALSE
	EndGlobalSection
	GlobalSection(ExtensibilityGlobals) = postSolution
		SolutionGuid = {B75F87FF-9167-4074-BC5F-3159A3AB701E}
	EndGlobalSection
EndGlobal
